
Microsoft Visual Studio Solution File, Format Version 12.00
# Visual Studio Version 17
VisualStudioVersion = 17.6.33801.468
MinimumVisualStudioVersion = 10.0.40219.1
Project("{9A19103F-16F7-4668-BE54-9A1E7A4F7556}") = "Booking_Airline", "Booking_Airline\Booking_Airline.csproj", "{F7F01D3B-A67D-49A3-B669-DDA94F4F3BBF}"
EndProject
Global
	GlobalSection(SolutionConfigurationPlatforms) = preSolution
		Debug|Any CPU = Debug|Any CPU
		Release|Any CPU = Release|Any CPU
	EndGlobalSection
	GlobalSection(ProjectConfigurationPlatforms) = postSolution
		{F7F01D3B-A67D-49A3-B669-DDA94F4F3BBF}.Debug|Any CPU.ActiveCfg = Debug|Any CPU
		{F7F01D3B-A67D-49A3-B669-DDA94F4F3BBF}.Debug|Any CPU.Build.0 = Debug|Any CPU
		{F7F01D3B-A67D-49A3-B669-DDA94F4F3BBF}.Release|Any CPU.ActiveCfg = Release|Any CPU
		{F7F01D3B-A67D-49A3-B669-DDA94F4F3BBF}.Release|Any CPU.Build.0 = Release|Any CPU
	EndGlobalSection
	GlobalSection(SolutionProperties) = preSolution
		HideSolutionNode = FALSE
	EndGlobalSection
	GlobalSection(ExtensibilityGlobals) = postSolution
		SolutionGuid = {B82F49F9-0F9C-460E-BE05-C498364B9498}
	EndGlobalSection
EndGlobal
